// !$*UTF8*$!
{
	archiveVersion = 1;
	classes = {
	};
	objectVersion = 50;
	objects = {

/* Begin PBXBuildFile section */
		2671E2C4212283E40064B26C /* AppDelegate.m in Sources */ = {isa = PBXBuildFile; fileRef = 2671E2C3212283E40064B26C /* AppDelegate.m */; };
		2671E2C7212283E40064B26C /* ViewController.m in Sources */ = {isa = PBXBuildFile; fileRef = 2671E2C6212283E40064B26C /* ViewController.m */; };
		2671E2CA212283E40064B26C /* Main.storyboard in Resources */ = {isa = PBXBuildFile; fileRef = 2671E2C8212283E40064B26C /* Main.storyboard */; };
		2671E2CC212283E50064B26C /* Assets.xcassets in Resources */ = {isa = PBXBuildFile; fileRef = 2671E2CB212283E50064B26C /* Assets.xcassets */; };
		2671E2CF212283E50064B26C /* LaunchScreen.storyboard in Resources */ = {isa = PBXBuildFile; fileRef = 2671E2CD212283E50064B26C /* LaunchScreen.storyboard */; };
		2671E2D2212283E50064B26C /* main.m in Sources */ = {isa = PBXBuildFile; fileRef = 2671E2D1212283E50064B26C /* main.m */; };
		2671E2DC212283E60064B26C /* ViewBitCoinObjectiveCTests.m in Sources */ = {isa = PBXBuildFile; fileRef = 2671E2DB212283E60064B26C /* ViewBitCoinObjectiveCTests.m */; };
		2671E2E7212283E60064B26C /* ViewBitCoinObjectiveCUITests.m in Sources */ = {isa = PBXBuildFile; fileRef = 2671E2E6212283E60064B26C /* ViewBitCoinObjectiveCUITests.m */; };
		2671E2FC212291CA0064B26C /* DashboardCoinTableViewCell.m in Sources */ = {isa = PBXBuildFile; fileRef = 2671E2FB212291CA0064B26C /* DashboardCoinTableViewCell.m */; };
		2671E2FF212291DA0064B26C /* Coin.m in Sources */ = {isa = PBXBuildFile; fileRef = 2671E2FE212291DA0064B26C /* Coin.m */; };
		2671E302212291EA0064B26C /* ServiceBase.m in Sources */ = {isa = PBXBuildFile; fileRef = 2671E301212291EA0064B26C /* ServiceBase.m */; };
		2671E305212291FD0064B26C /* ServiceCoin.m in Sources */ = {isa = PBXBuildFile; fileRef = 2671E304212291FD0064B26C /* ServiceCoin.m */; };
		5D2ACADE33A3B513FE30A62E /* libPods-ViewBitCoinObjectiveCUITests.a in Frameworks */ = {isa = PBXBuildFile; fileRef = CC1A3C84F082ACCF4DEC8515 /* libPods-ViewBitCoinObjectiveCUITests.a */; };
		B837FDE9415A069DA8102FD8 /* libPods-ViewBitCoinObjectiveCTests.a in Frameworks */ = {isa = PBXBuildFile; fileRef = 436D05900BD179A4C3788A93 /* libPods-ViewBitCoinObjectiveCTests.a */; };
		D7BD7355E000D4D70A947229 /* libPods-ViewBitCoinObjectiveC.a in Frameworks */ = {isa = PBXBuildFile; fileRef = 84EA05B9FA9BC7EF377C3C10 /* libPods-ViewBitCoinObjectiveC.a */; };
/* End PBXBuildFile section */

/* Begin PBXContainerItemProxy section */
		2671E2D8212283E60064B26C /* PBXContainerItemProxy */ = {
			isa = PBXContainerItemProxy;
			containerPortal = 2671E2B7212283E40064B26C /* Project object */;
			proxyType = 1;
			remoteGlobalIDString = 2671E2BE212283E40064B26C;
			remoteInfo = ViewBitCoinObjectiveC;
		};
		2671E2E3212283E60064B26C /* PBXContainerItemProxy */ = {
			isa = PBXContainerItemProxy;
			containerPortal = 2671E2B7212283E40064B26C /* Project object */;
			proxyType = 1;
			remoteGlobalIDString = 2671E2BE212283E40064B26C;
			remoteInfo = ViewBitCoinObjectiveC;
		};
/* End PBXContainerItemProxy section */

/* Begin PBXFileReference section */
		03CD4CB828A5C67DA1FE111A /* Pods-ViewBitCoinObjectiveCTests.debug.xcconfig */ = {isa = PBXFileReference; includeInIndex = 1; lastKnownFileType = text.xcconfig; name = "Pods-ViewBitCoinObjectiveCTests.debug.xcconfig"; path = "Pods/Target Support Files/Pods-ViewBitCoinObjectiveCTests/Pods-ViewBitCoinObjectiveCTests.debug.xcconfig"; sourceTree = "<group>"; };
		202B834C5D8A0588EBA01A7D /* Pods-ViewBitCoinObjectiveCTests.release.xcconfig */ = {isa = PBXFileReference; includeInIndex = 1; lastKnownFileType = text.xcconfig; name = "Pods-ViewBitCoinObjectiveCTests.release.xcconfig"; path = "Pods/Target Support Files/Pods-ViewBitCoinObjectiveCTests/Pods-ViewBitCoinObjectiveCTests.release.xcconfig"; sourceTree = "<group>"; };
		2671E2BF212283E40064B26C /* ViewBitCoinObjectiveC.app */ = {isa = PBXFileReference; explicitFileType = wrapper.application; includeInIndex = 0; path = ViewBitCoinObjectiveC.app; sourceTree = BUILT_PRODUCTS_DIR; };
		2671E2C2212283E40064B26C /* AppDelegate.h */ = {isa = PBXFileReference; lastKnownFileType = sourcecode.c.h; path = AppDelegate.h; sourceTree = "<group>"; };
		2671E2C3212283E40064B26C /* AppDelegate.m */ = {isa = PBXFileReference; lastKnownFileType = sourcecode.c.objc; path = AppDelegate.m; sourceTree = "<group>"; };
		2671E2C5212283E40064B26C /* ViewController.h */ = {isa = PBXFileReference; lastKnownFileType = sourcecode.c.h; path = ViewController.h; sourceTree = "<group>"; };
		2671E2C6212283E40064B26C /* ViewController.m */ = {isa = PBXFileReference; lastKnownFileType = sourcecode.c.objc; path = ViewController.m; sourceTree = "<group>"; };
		2671E2C9212283E40064B26C /* Base */ = {isa = PBXFileReference; lastKnownFileType = file.storyboard; name = Base; path = Base.lproj/Main.storyboard; sourceTree = "<group>"; };
		2671E2CB212283E50064B26C /* Assets.xcassets */ = {isa = PBXFileReference; lastKnownFileType = folder.assetcatalog; path = Assets.xcassets; sourceTree = "<group>"; };
		2671E2CE212283E50064B26C /* Base */ = {isa = PBXFileReference; lastKnownFileType = file.storyboard; name = Base; path = Base.lproj/LaunchScreen.storyboard; sourceTree = "<group>"; };
		2671E2D0212283E50064B26C /* Info.plist */ = {isa = PBXFileReference; lastKnownFileType = text.plist.xml; path = Info.plist; sourceTree = "<group>"; };
		2671E2D1212283E50064B26C /* main.m */ = {isa = PBXFileReference; lastKnownFileType = sourcecode.c.objc; path = main.m; sourceTree = "<group>"; };
		2671E2D7212283E60064B26C /* ViewBitCoinObjectiveCTests.xctest */ = {isa = PBXFileReference; explicitFileType = wrapper.cfbundle; includeInIndex = 0; path = ViewBitCoinObjectiveCTests.xctest; sourceTree = BUILT_PRODUCTS_DIR; };
		2671E2DB212283E60064B26C /* ViewBitCoinObjectiveCTests.m */ = {isa = PBXFileReference; lastKnownFileType = sourcecode.c.objc; path = ViewBitCoinObjectiveCTests.m; sourceTree = "<group>"; };
		2671E2DD212283E60064B26C /* Info.plist */ = {isa = PBXFileReference; lastKnownFileType = text.plist.xml; path = Info.plist; sourceTree = "<group>"; };
		2671E2E2212283E60064B26C /* ViewBitCoinObjectiveCUITests.xctest */ = {isa = PBXFileReference; explicitFileType = wrapper.cfbundle; includeInIndex = 0; path = ViewBitCoinObjectiveCUITests.xctest; sourceTree = BUILT_PRODUCTS_DIR; };
		2671E2E6212283E60064B26C /* ViewBitCoinObjectiveCUITests.m */ = {isa = PBXFileReference; lastKnownFileType = sourcecode.c.objc; path = ViewBitCoinObjectiveCUITests.m; sourceTree = "<group>"; };
		2671E2E8212283E60064B26C /* Info.plist */ = {isa = PBXFileReference; lastKnownFileType = text.plist.xml; path = Info.plist; sourceTree = "<group>"; };
		2671E2FA212291CA0064B26C /* DashboardCoinTableViewCell.h */ = {isa = PBXFileReference; lastKnownFileType = sourcecode.c.h; path = DashboardCoinTableViewCell.h; sourceTree = "<group>"; };
		2671E2FB212291CA0064B26C /* DashboardCoinTableViewCell.m */ = {isa = PBXFileReference; lastKnownFileType = sourcecode.c.objc; path = DashboardCoinTableViewCell.m; sourceTree = "<group>"; };
		2671E2FD212291DA0064B26C /* Coin.h */ = {isa = PBXFileReference; lastKnownFileType = sourcecode.c.h; path = Coin.h; sourceTree = "<group>"; };
		2671E2FE212291DA0064B26C /* Coin.m */ = {isa = PBXFileReference; lastKnownFileType = sourcecode.c.objc; path = Coin.m; sourceTree = "<group>"; };
		2671E300212291EA0064B26C /* ServiceBase.h */ = {isa = PBXFileReference; lastKnownFileType = sourcecode.c.h; path = ServiceBase.h; sourceTree = "<group>"; };
		2671E301212291EA0064B26C /* ServiceBase.m */ = {isa = PBXFileReference; lastKnownFileType = sourcecode.c.objc; path = ServiceBase.m; sourceTree = "<group>"; };
		2671E303212291FD0064B26C /* ServiceCoin.h */ = {isa = PBXFileReference; lastKnownFileType = sourcecode.c.h; path = ServiceCoin.h; sourceTree = "<group>"; };
		2671E304212291FD0064B26C /* ServiceCoin.m */ = {isa = PBXFileReference; lastKnownFileType = sourcecode.c.objc; path = ServiceCoin.m; sourceTree = "<group>"; };
		436D05900BD179A4C3788A93 /* libPods-ViewBitCoinObjectiveCTests.a */ = {isa = PBXFileReference; explicitFileType = archive.ar; includeInIndex = 0; path = "libPods-ViewBitCoinObjectiveCTests.a"; sourceTree = BUILT_PRODUCTS_DIR; };
		7F8AC399326B5A1EDAFB48A3 /* Pods-ViewBitCoinObjectiveCUITests.debug.xcconfig */ = {isa = PBXFileReference; includeInIndex = 1; lastKnownFileType = text.xcconfig; name = "Pods-ViewBitCoinObjectiveCUITests.debug.xcconfig"; path = "Pods/Target Support Files/Pods-ViewBitCoinObjectiveCUITests/Pods-ViewBitCoinObjectiveCUITests.debug.xcconfig"; sourceTree = "<group>"; };
		81EC37EBA199388808404D5D /* Pods-ViewBitCoinObjectiveC.debug.xcconfig */ = {isa = PBXFileReference; includeInIndex = 1; lastKnownFileType = text.xcconfig; name = "Pods-ViewBitCoinObjectiveC.debug.xcconfig"; path = "Pods/Target Support Files/Pods-ViewBitCoinObjectiveC/Pods-ViewBitCoinObjectiveC.debug.xcconfig"; sourceTree = "<group>"; };
		84EA05B9FA9BC7EF377C3C10 /* libPods-ViewBitCoinObjectiveC.a */ = {isa = PBXFileReference; explicitFileType = archive.ar; includeInIndex = 0; path = "libPods-ViewBitCoinObjectiveC.a"; sourceTree = BUILT_PRODUCTS_DIR; };
		AFBD081199A6FE6EF8D9B32D /* Pods-ViewBitCoinObjectiveC.release.xcconfig */ = {isa = PBXFileReference; includeInIndex = 1; lastKnownFileType = text.xcconfig; name = "Pods-ViewBitCoinObjectiveC.release.xcconfig"; path = "Pods/Target Support Files/Pods-ViewBitCoinObjectiveC/Pods-ViewBitCoinObjectiveC.release.xcconfig"; sourceTree = "<group>"; };
		CC1A3C84F082ACCF4DEC8515 /* libPods-ViewBitCoinObjectiveCUITests.a */ = {isa = PBXFileReference; explicitFileType = archive.ar; includeInIndex = 0; path = "libPods-ViewBitCoinObjectiveCUITests.a"; sourceTree = BUILT_PRODUCTS_DIR; };
		CF3B7E087F07B0377C086307 /* Pods-ViewBitCoinObjectiveCUITests.release.xcconfig */ = {isa = PBXFileReference; includeInIndex = 1; lastKnownFileType = text.xcconfig; name = "Pods-ViewBitCoinObjectiveCUITests.release.xcconfig"; path = "Pods/Target Support Files/Pods-ViewBitCoinObjectiveCUITests/Pods-ViewBitCoinObjectiveCUITests.release.xcconfig"; sourceTree = "<group>"; };
/* End PBXFileReference section */

/* Begin PBXFrameworksBuildPhase section */
		2671E2BC212283E40064B26C /* Frameworks */ = {
			isa = PBXFrameworksBuildPhase;
			buildActionMask = 2147483647;
			files = (
				D7BD7355E000D4D70A947229 /* libPods-ViewBitCoinObjectiveC.a in Frameworks */,
			);
			runOnlyForDeploymentPostprocessing = 0;
		};
		2671E2D4212283E60064B26C /* Frameworks */ = {
			isa = PBXFrameworksBuildPhase;
			buildActionMask = 2147483647;
			files = (
				B837FDE9415A069DA8102FD8 /* libPods-ViewBitCoinObjectiveCTests.a in Frameworks */,
			);
			runOnlyForDeploymentPostprocessing = 0;
		};
		2671E2DF212283E60064B26C /* Frameworks */ = {
			isa = PBXFrameworksBuildPhase;
			buildActionMask = 2147483647;
			files = (
				5D2ACADE33A3B513FE30A62E /* libPods-ViewBitCoinObjectiveCUITests.a in Frameworks */,
			);
			runOnlyForDeploymentPostprocessing = 0;
		};
/* End PBXFrameworksBuildPhase section */

/* Begin PBXGroup section */
		2671E2B6212283E40064B26C = {
			isa = PBXGroup;
			children = (
				2671E2C1212283E40064B26C /* ViewBitCoinObjectiveC */,
				2671E2DA212283E60064B26C /* ViewBitCoinObjectiveCTests */,
				2671E2E5212283E60064B26C /* ViewBitCoinObjectiveCUITests */,
				2671E2C0212283E40064B26C /* Products */,
				6AC4CC7E15735EE765324729 /* Pods */,
				CF24523B6E1B07640F0F0E1A /* Frameworks */,
			);
			sourceTree = "<group>";
		};
		2671E2C0212283E40064B26C /* Products */ = {
			isa = PBXGroup;
			children = (
				2671E2BF212283E40064B26C /* ViewBitCoinObjectiveC.app */,
				2671E2D7212283E60064B26C /* ViewBitCoinObjectiveCTests.xctest */,
				2671E2E2212283E60064B26C /* ViewBitCoinObjectiveCUITests.xctest */,
			);
			name = Products;
			sourceTree = "<group>";
		};
		2671E2C1212283E40064B26C /* ViewBitCoinObjectiveC */ = {
			isa = PBXGroup;
			children = (
				2671E2F92122916A0064B26C /* Services */,
				2671E2F8212291630064B26C /* Controllers */,
				2671E2F7212291590064B26C /* Class */,
				2671E2F6212291540064B26C /* Views */,
				2671E2F52122914E0064B26C /* Cells */,
				2671E2F4212291430064B26C /* Images */,
				2671E2D0212283E50064B26C /* Info.plist */,
				2671E2D1212283E50064B26C /* main.m */,
			);
			path = ViewBitCoinObjectiveC;
			sourceTree = "<group>";
		};
		2671E2DA212283E60064B26C /* ViewBitCoinObjectiveCTests */ = {
			isa = PBXGroup;
			children = (
				2671E2DB212283E60064B26C /* ViewBitCoinObjectiveCTests.m */,
				2671E2DD212283E60064B26C /* Info.plist */,
			);
			path = ViewBitCoinObjectiveCTests;
			sourceTree = "<group>";
		};
		2671E2E5212283E60064B26C /* ViewBitCoinObjectiveCUITests */ = {
			isa = PBXGroup;
			children = (
				2671E2E6212283E60064B26C /* ViewBitCoinObjectiveCUITests.m */,
				2671E2E8212283E60064B26C /* Info.plist */,
			);
			path = ViewBitCoinObjectiveCUITests;
			sourceTree = "<group>";
		};
		2671E2F4212291430064B26C /* Images */ = {
			isa = PBXGroup;
			children = (
				2671E2CB212283E50064B26C /* Assets.xcassets */,
			);
			path = Images;
			sourceTree = "<group>";
		};
		2671E2F52122914E0064B26C /* Cells */ = {
			isa = PBXGroup;
			children = (
				2671E2FA212291CA0064B26C /* DashboardCoinTableViewCell.h */,
				2671E2FB212291CA0064B26C /* DashboardCoinTableViewCell.m */,
			);
			path = Cells;
			sourceTree = "<group>";
		};
		2671E2F6212291540064B26C /* Views */ = {
			isa = PBXGroup;
			children = (
				2671E2C8212283E40064B26C /* Main.storyboard */,
				2671E2CD212283E50064B26C /* LaunchScreen.storyboard */,
			);
			path = Views;
			sourceTree = "<group>";
		};
		2671E2F7212291590064B26C /* Class */ = {
			isa = PBXGroup;
			children = (
				2671E2FD212291DA0064B26C /* Coin.h */,
				2671E2FE212291DA0064B26C /* Coin.m */,
			);
			path = Class;
			sourceTree = "<group>";
		};
		2671E2F8212291630064B26C /* Controllers */ = {
			isa = PBXGroup;
			children = (
				2671E2C2212283E40064B26C /* AppDelegate.h */,
				2671E2C3212283E40064B26C /* AppDelegate.m */,
				2671E2C5212283E40064B26C /* ViewController.h */,
				2671E2C6212283E40064B26C /* ViewController.m */,
			);
			path = Controllers;
			sourceTree = "<group>";
		};
		2671E2F92122916A0064B26C /* Services */ = {
			isa = PBXGroup;
			children = (
				2671E300212291EA0064B26C /* ServiceBase.h */,
				2671E301212291EA0064B26C /* ServiceBase.m */,
				2671E303212291FD0064B26C /* ServiceCoin.h */,
				2671E304212291FD0064B26C /* ServiceCoin.m */,
			);
			path = Services;
			sourceTree = "<group>";
		};
		6AC4CC7E15735EE765324729 /* Pods */ = {
			isa = PBXGroup;
			children = (
				81EC37EBA199388808404D5D /* Pods-ViewBitCoinObjectiveC.debug.xcconfig */,
				AFBD081199A6FE6EF8D9B32D /* Pods-ViewBitCoinObjectiveC.release.xcconfig */,
				03CD4CB828A5C67DA1FE111A /* Pods-ViewBitCoinObjectiveCTests.debug.xcconfig */,
				202B834C5D8A0588EBA01A7D /* Pods-ViewBitCoinObjectiveCTests.release.xcconfig */,
				7F8AC399326B5A1EDAFB48A3 /* Pods-ViewBitCoinObjectiveCUITests.debug.xcconfig */,
				CF3B7E087F07B0377C086307 /* Pods-ViewBitCoinObjectiveCUITests.release.xcconfig */,
			);
			name = Pods;
			sourceTree = "<group>";
		};
		CF24523B6E1B07640F0F0E1A /* Frameworks */ = {
			isa = PBXGroup;
			children = (
				84EA05B9FA9BC7EF377C3C10 /* libPods-ViewBitCoinObjectiveC.a */,
				436D05900BD179A4C3788A93 /* libPods-ViewBitCoinObjectiveCTests.a */,
				CC1A3C84F082ACCF4DEC8515 /* libPods-ViewBitCoinObjectiveCUITests.a */,
			);
			name = Frameworks;
			sourceTree = "<group>";
		};
/* End PBXGroup section */

/* Begin PBXNativeTarget section */
		2671E2BE212283E40064B26C /* ViewBitCoinObjectiveC */ = {
			isa = PBXNativeTarget;
			buildConfigurationList = 2671E2EB212283E60064B26C /* Build configuration list for PBXNativeTarget "ViewBitCoinObjectiveC" */;
			buildPhases = (
				3215F19CF24125949C66BB09 /* [CP] Check Pods Manifest.lock */,
				2671E2BB212283E40064B26C /* Sources */,
				2671E2BC212283E40064B26C /* Frameworks */,
				2671E2BD212283E40064B26C /* Resources */,
			);
			buildRules = (
			);
			dependencies = (
			);
			name = ViewBitCoinObjectiveC;
			productName = ViewBitCoinObjectiveC;
			productReference = 2671E2BF212283E40064B26C /* ViewBitCoinObjectiveC.app */;
			productType = "com.apple.product-type.application";
		};
		2671E2D6212283E60064B26C /* ViewBitCoinObjectiveCTests */ = {
			isa = PBXNativeTarget;
			buildConfigurationList = 2671E2EE212283E60064B26C /* Build configuration list for PBXNativeTarget "ViewBitCoinObjectiveCTests" */;
			buildPhases = (
				6C04D73BC81A9046B6CD0078 /* [CP] Check Pods Manifest.lock */,
				2671E2D3212283E60064B26C /* Sources */,
				2671E2D4212283E60064B26C /* Frameworks */,
				2671E2D5212283E60064B26C /* Resources */,
			);
			buildRules = (
			);
			dependencies = (
				2671E2D9212283E60064B26C /* PBXTargetDependency */,
			);
			name = ViewBitCoinObjectiveCTests;
			productName = ViewBitCoinObjectiveCTests;
			productReference = 2671E2D7212283E60064B26C /* ViewBitCoinObjectiveCTests.xctest */;
			productType = "com.apple.product-type.bundle.unit-test";
		};
		2671E2E1212283E60064B26C /* ViewBitCoinObjectiveCUITests */ = {
			isa = PBXNativeTarget;
			buildConfigurationList = 2671E2F1212283E60064B26C /* Build configuration list for PBXNativeTarget "ViewBitCoinObjectiveCUITests" */;
			buildPhases = (
				04C12AAFBB93A7A0F2BE5903 /* [CP] Check Pods Manifest.lock */,
				2671E2DE212283E60064B26C /* Sources */,
				2671E2DF212283E60064B26C /* Frameworks */,
				2671E2E0212283E60064B26C /* Resources */,
			);
			buildRules = (
			);
			dependencies = (
				2671E2E4212283E60064B26C /* PBXTargetDependency */,
			);
			name = ViewBitCoinObjectiveCUITests;
			productName = ViewBitCoinObjectiveCUITests;
			productReference = 2671E2E2212283E60064B26C /* ViewBitCoinObjectiveCUITests.xctest */;
			productType = "com.apple.product-type.bundle.ui-testing";
		};
/* End PBXNativeTarget section */

/* Begin PBXProject section */
		2671E2B7212283E40064B26C /* Project object */ = {
			isa = PBXProject;
			attributes = {
				LastUpgradeCheck = 0940;
				ORGANIZATIONNAME = "Bruno Ferreira De Oliveira";
				TargetAttributes = {
					2671E2BE212283E40064B26C = {
						CreatedOnToolsVersion = 9.4.1;
					};
					2671E2D6212283E60064B26C = {
						CreatedOnToolsVersion = 9.4.1;
						TestTargetID = 2671E2BE212283E40064B26C;
					};
					2671E2E1212283E60064B26C = {
						CreatedOnToolsVersion = 9.4.1;
						TestTargetID = 2671E2BE212283E40064B26C;
					};
				};
			};
			buildConfigurationList = 2671E2BA212283E40064B26C /* Build configuration list for PBXProject "ViewBitCoinObjectiveC" */;
			compatibilityVersion = "Xcode 9.3";
			developmentRegion = en;
			hasScannedForEncodings = 0;
			knownRegions = (
				en,
				Base,
			);
			mainGroup = 2671E2B6212283E40064B26C;
			productRefGroup = 2671E2C0212283E40064B26C /* Products */;
			projectDirPath = "";
			projectRoot = "";
			targets = (
				2671E2BE212283E40064B26C /* ViewBitCoinObjectiveC */,
				2671E2D6212283E60064B26C /* ViewBitCoinObjectiveCTests */,
				2671E2E1212283E60064B26C /* ViewBitCoinObjectiveCUITests */,
			);
		};
/* End PBXProject section */

/* Begin PBXResourcesBuildPhase section */
		2671E2BD212283E40064B26C /* Resources */ = {
			isa = PBXResourcesBuildPhase;
			buildActionMask = 2147483647;
			files = (
				2671E2CF212283E50064B26C /* LaunchScreen.storyboard in Resources */,
				2671E2CC212283E50064B26C /* Assets.xcassets in Resources */,
				2671E2CA212283E40064B26C /* Main.storyboard in Resources */,
			);
			runOnlyForDeploymentPostprocessing = 0;
		};
		2671E2D5212283E60064B26C /* Resources */ = {
			isa = PBXResourcesBuildPhase;
			buildActionMask = 2147483647;
			files = (
			);
			runOnlyForDeploymentPostprocessing = 0;
		};
		2671E2E0212283E60064B26C /* Resources */ = {
			isa = PBXResourcesBuildPhase;
			buildActionMask = 2147483647;
			files = (
			);
			runOnlyForDeploymentPostprocessing = 0;
		};
/* End PBXResourcesBuildPhase section */

/* Begin PBXShellScriptBuildPhase section */
		04C12AAFBB93A7A0F2BE5903 /* [CP] Check Pods Manifest.lock */ = {
			isa = PBXShellScriptBuildPhase;
			buildActionMask = 2147483647;
			files = (
			);
			inputPaths = (
				"${PODS_PODFILE_DIR_PATH}/Podfile.lock",
				"${PODS_ROOT}/Manifest.lock",
			);
			name = "[CP] Check Pods Manifest.lock";
			outputPaths = (
				"$(DERIVED_FILE_DIR)/Pods-ViewBitCoinObjectiveCUITests-checkManifestLockResult.txt",
			);
			runOnlyForDeploymentPostprocessing = 0;
			shellPath = /bin/sh;
			shellScript = "diff \"${PODS_PODFILE_DIR_PATH}/Podfile.lock\" \"${PODS_ROOT}/Manifest.lock\" > /dev/null\nif [ $? != 0 ] ; then\n    # print error to STDERR\n    echo \"error: The sandbox is not in sync with the Podfile.lock. Run 'pod install' or update your CocoaPods installation.\" >&2\n    exit 1\nfi\n# This output is used by Xcode 'outputs' to avoid re-running this script phase.\necho \"SUCCESS\" > \"${SCRIPT_OUTPUT_FILE_0}\"\n";
			showEnvVarsInLog = 0;
		};
		3215F19CF24125949C66BB09 /* [CP] Check Pods Manifest.lock */ = {
			isa = PBXShellScriptBuildPhase;
			buildActionMask = 2147483647;
			files = (
			);
			inputPaths = (
				"${PODS_PODFILE_DIR_PATH}/Podfile.lock",
				"${PODS_ROOT}/Manifest.lock",
			);
			name = "[CP] Check Pods Manifest.lock";
			outputPaths = (
				"$(DERIVED_FILE_DIR)/Pods-ViewBitCoinObjectiveC-checkManifestLockResult.txt",
			);
			runOnlyForDeploymentPostprocessing = 0;
			shellPath = /bin/sh;
			shellScript = "diff \"${PODS_PODFILE_DIR_PATH}/Podfile.lock\" \"${PODS_ROOT}/Manifest.lock\" > /dev/null\nif [ $? != 0 ] ; then\n    # print error to STDERR\n    echo \"error: The sandbox is not in sync with the Podfile.lock. Run 'pod install' or update your CocoaPods installation.\" >&2\n    exit 1\nfi\n# This output is used by Xcode 'outputs' to avoid re-running this script phase.\necho \"SUCCESS\" > \"${SCRIPT_OUTPUT_FILE_0}\"\n";
			showEnvVarsInLog = 0;
		};
		6C04D73BC81A9046B6CD0078 /* [CP] Check Pods Manifest.lock */ = {
			isa = PBXShellScriptBuildPhase;
			buildActionMask = 2147483647;
			files = (
			);
			inputPaths = (
				"${PODS_PODFILE_DIR_PATH}/Podfile.lock",
				"${PODS_ROOT}/Manifest.lock",
			);
			name = "[CP] Check Pods Manifest.lock";
			outputPaths = (
				"$(DERIVED_FILE_DIR)/Pods-ViewBitCoinObjectiveCTests-checkManifestLockResult.txt",
			);
			runOnlyForDeploymentPostprocessing = 0;
			shellPath = /bin/sh;
			shellScript = "diff \"${PODS_PODFILE_DIR_PATH}/Podfile.lock\" \"${PODS_ROOT}/Manifest.lock\" > /dev/null\nif [ $? != 0 ] ; then\n    # print error to STDERR\n    echo \"error: The sandbox is not in sync with the Podfile.lock. Run 'pod install' or update your CocoaPods installation.\" >&2\n    exit 1\nfi\n# This output is used by Xcode 'outputs' to avoid re-running this script phase.\necho \"SUCCESS\" > \"${SCRIPT_OUTPUT_FILE_0}\"\n";
			showEnvVarsInLog = 0;
		};
/* End PBXShellScriptBuildPhase section */

/* Begin PBXSourcesBuildPhase section */
		2671E2BB212283E40064B26C /* Sources */ = {
			isa = PBXSourcesBuildPhase;
			buildActionMask = 2147483647;
			files = (
				2671E2FF212291DA0064B26C /* Coin.m in Sources */,
				2671E2C7212283E40064B26C /* ViewController.m in Sources */,
				2671E305212291FD0064B26C /* ServiceCoin.m in Sources */,
				2671E302212291EA0064B26C /* ServiceBase.m in Sources */,
				2671E2D2212283E50064B26C /* main.m in Sources */,
				2671E2C4212283E40064B26C /* AppDelegate.m in Sources */,
				2671E2FC212291CA0064B26C /* DashboardCoinTableViewCell.m in Sources */,
			);
			runOnlyForDeploymentPostprocessing = 0;
		};
		2671E2D3212283E60064B26C /* Sources */ = {
			isa = PBXSourcesBuildPhase;
			buildActionMask = 2147483647;
			files = (
				2671E2DC212283E60064B26C /* ViewBitCoinObjectiveCTests.m in Sources */,
			);
			runOnlyForDeploymentPostprocessing = 0;
		};
		2671E2DE212283E60064B26C /* Sources */ = {
			isa = PBXSourcesBuildPhase;
			buildActionMask = 2147483647;
			files = (
				2671E2E7212283E60064B26C /* ViewBitCoinObjectiveCUITests.m in Sources */,
			);
			runOnlyForDeploymentPostprocessing = 0;
		};
/* End PBXSourcesBuildPhase section */

/* Begin PBXTargetDependency section */
		2671E2D9212283E60064B26C /* PBXTargetDependency */ = {
			isa = PBXTargetDependency;
			target = 2671E2BE212283E40064B26C /* ViewBitCoinObjectiveC */;
			targetProxy = 2671E2D8212283E60064B26C /* PBXContainerItemProxy */;
		};
		2671E2E4212283E60064B26C /* PBXTargetDependency */ = {
			isa = PBXTargetDependency;
			target = 2671E2BE212283E40064B26C /* ViewBitCoinObjectiveC */;
			targetProxy = 2671E2E3212283E60064B26C /* PBXContainerItemProxy */;
		};
/* End PBXTargetDependency section */

/* Begin PBXVariantGroup section */
		2671E2C8212283E40064B26C /* Main.storyboard */ = {
			isa = PBXVariantGroup;
			children = (
				2671E2C9212283E40064B26C /* Base */,
			);
			name = Main.storyboard;
			sourceTree = "<group>";
		};
		2671E2CD212283E50064B26C /* LaunchScreen.storyboard */ = {
			isa = PBXVariantGroup;
			children = (
				2671E2CE212283E50064B26C /* Base */,
			);
			name = LaunchScreen.storyboard;
			sourceTree = "<group>";
		};
/* End PBXVariantGroup section */

/* Begin XCBuildConfiguration section */
		2671E2E9212283E60064B26C /* Debug */ = {
			isa = XCBuildConfiguration;
			buildSettings = {
				ALWAYS_SEARCH_USER_PATHS = NO;
				CLANG_ANALYZER_NONNULL = YES;
				CLANG_ANALYZER_NUMBER_OBJECT_CONVERSION = YES_AGGRESSIVE;
				CLANG_CXX_LANGUAGE_STANDARD = "gnu++14";
				CLANG_CXX_LIBRARY = "libc++";
				CLANG_ENABLE_MODULES = YES;
				CLANG_ENABLE_OBJC_ARC = YES;
				CLANG_ENABLE_OBJC_WEAK = YES;
				CLANG_WARN_BLOCK_CAPTURE_AUTORELEASING = YES;
				CLANG_WARN_BOOL_CONVERSION = YES;
				CLANG_WARN_COMMA = YES;
				CLANG_WARN_CONSTANT_CONVERSION = YES;
				CLANG_WARN_DEPRECATED_OBJC_IMPLEMENTATIONS = YES;
				CLANG_WARN_DIRECT_OBJC_ISA_USAGE = YES_ERROR;
				CLANG_WARN_DOCUMENTATION_COMMENTS = YES;
				CLANG_WARN_EMPTY_BODY = YES;
				CLANG_WARN_ENUM_CONVERSION = YES;
				CLANG_WARN_INFINITE_RECURSION = YES;
				CLANG_WARN_INT_CONVERSION = YES;
				CLANG_WARN_NON_LITERAL_NULL_CONVERSION = YES;
				CLANG_WARN_OBJC_IMPLICIT_RETAIN_SELF = YES;
				CLANG_WARN_OBJC_LITERAL_CONVERSION = YES;
				CLANG_WARN_OBJC_ROOT_CLASS = YES_ERROR;
				CLANG_WARN_RANGE_LOOP_ANALYSIS = YES;
				CLANG_WARN_STRICT_PROTOTYPES = YES;
				CLANG_WARN_SUSPICIOUS_MOVE = YES;
				CLANG_WARN_UNGUARDED_AVAILABILITY = YES_AGGRESSIVE;
				CLANG_WARN_UNREACHABLE_CODE = YES;
				CLANG_WARN__DUPLICATE_METHOD_MATCH = YES;
				CODE_SIGN_IDENTITY = "iPhone Developer";
				COPY_PHASE_STRIP = NO;
				DEBUG_INFORMATION_FORMAT = dwarf;
				ENABLE_STRICT_OBJC_MSGSEND = YES;
				ENABLE_TESTABILITY = YES;
				GCC_C_LANGUAGE_STANDARD = gnu11;
				GCC_DYNAMIC_NO_PIC = NO;
				GCC_NO_COMMON_BLOCKS = YES;
				GCC_OPTIMIZATION_LEVEL = 0;
				GCC_PREPROCESSOR_DEFINITIONS = (
					"DEBUG=1",
					"$(inherited)",
				);
				GCC_WARN_64_TO_32_BIT_CONVERSION = YES;
				GCC_WARN_ABOUT_RETURN_TYPE = YES_ERROR;
				GCC_WARN_UNDECLARED_SELECTOR = YES;
				GCC_WARN_UNINITIALIZED_AUTOS = YES_AGGRESSIVE;
				GCC_WARN_UNUSED_FUNCTION = YES;
				GCC_WARN_UNUSED_VARIABLE = YES;
				IPHONEOS_DEPLOYMENT_TARGET = 11.4;
				MTL_ENABLE_DEBUG_INFO = YES;
				ONLY_ACTIVE_ARCH = YES;
				SDKROOT = iphoneos;
			};
			name = Debug;
		};
		2671E2EA212283E60064B26C /* Release */ = {
			isa = XCBuildConfiguration;
			buildSettings = {
				ALWAYS_SEARCH_USER_PATHS = NO;
				CLANG_ANALYZER_NONNULL = YES;
				CLANG_ANALYZER_NUMBER_OBJECT_CONVERSION = YES_AGGRESSIVE;
				CLANG_CXX_LANGUAGE_STANDARD = "gnu++14";
				CLANG_CXX_LIBRARY = "libc++";
				CLANG_ENABLE_MODULES = YES;
				CLANG_ENABLE_OBJC_ARC = YES;
				CLANG_ENABLE_OBJC_WEAK = YES;
				CLANG_WARN_BLOCK_CAPTURE_AUTORELEASING = YES;
				CLANG_WARN_BOOL_CONVERSION = YES;
				CLANG_WARN_COMMA = YES;
				CLANG_WARN_CONSTANT_CONVERSION = YES;
				CLANG_WARN_DEPRECATED_OBJC_IMPLEMENTATIONS = YES;
				CLANG_WARN_DIRECT_OBJC_ISA_USAGE = YES_ERROR;
				CLANG_WARN_DOCUMENTATION_COMMENTS = YES;
				CLANG_WARN_EMPTY_BODY = YES;
				CLANG_WARN_ENUM_CONVERSION = YES;
				CLANG_WARN_INFINITE_RECURSION = YES;
				CLANG_WARN_INT_CONVERSION = YES;
				CLANG_WARN_NON_LITERAL_NULL_CONVERSION = YES;
				CLANG_WARN_OBJC_IMPLICIT_RETAIN_SELF = YES;
				CLANG_WARN_OBJC_LITERAL_CONVERSION = YES;
				CLANG_WARN_OBJC_ROOT_CLASS = YES_ERROR;
				CLANG_WARN_RANGE_LOOP_ANALYSIS = YES;
				CLANG_WARN_STRICT_PROTOTYPES = YES;
				CLANG_WARN_SUSPICIOUS_MOVE = YES;
				CLANG_WARN_UNGUARDED_AVAILABILITY = YES_AGGRESSIVE;
				CLANG_WARN_UNREACHABLE_CODE = YES;
				CLANG_WARN__DUPLICATE_METHOD_MATCH = YES;
				CODE_SIGN_IDENTITY = "iPhone Developer";
				COPY_PHASE_STRIP = NO;
				DEBUG_INFORMATION_FORMAT = "dwarf-with-dsym";
				ENABLE_NS_ASSERTIONS = NO;
				ENABLE_STRICT_OBJC_MSGSEND = YES;
				GCC_C_LANGUAGE_STANDARD = gnu11;
				GCC_NO_COMMON_BLOCKS = YES;
				GCC_WARN_64_TO_32_BIT_CONVERSION = YES;
				GCC_WARN_ABOUT_RETURN_TYPE = YES_ERROR;
				GCC_WARN_UNDECLARED_SELECTOR = YES;
				GCC_WARN_UNINITIALIZED_AUTOS = YES_AGGRESSIVE;
				GCC_WARN_UNUSED_FUNCTION = YES;
				GCC_WARN_UNUSED_VARIABLE = YES;
				IPHONEOS_DEPLOYMENT_TARGET = 11.4;
				MTL_ENABLE_DEBUG_INFO = NO;
				SDKROOT = iphoneos;
				VALIDATE_PRODUCT = YES;
			};
			name = Release;
		};
		2671E2EC212283E60064B26C /* Debug */ = {
			isa = XCBuildConfiguration;
			baseConfigurationReference = 81EC37EBA199388808404D5D /* Pods-ViewBitCoinObjectiveC.debug.xcconfig */;
			buildSettings = {
				ASSETCATALOG_COMPILER_APPICON_NAME = AppIcon;
				CODE_SIGN_STYLE = Automatic;
				INFOPLIST_FILE = ViewBitCoinObjectiveC/Info.plist;
				LD_RUNPATH_SEARCH_PATHS = (
					"$(inherited)",
					"@executable_path/Frameworks",
				);
				PRODUCT_BUNDLE_IDENTIFIER = BitCoin.ViewBitCoinObjectiveC;
				PRODUCT_NAME = "$(TARGET_NAME)";
				TARGETED_DEVICE_FAMILY = "1,2";
			};
			name = Debug;
		};
		2671E2ED212283E60064B26C /* Release */ = {
			isa = XCBuildConfiguration;
			baseConfigurationReference = AFBD081199A6FE6EF8D9B32D /* Pods-ViewBitCoinObjectiveC.release.xcconfig */;
			buildSettings = {
				ASSETCATALOG_COMPILER_APPICON_NAME = AppIcon;
				CODE_SIGN_STYLE = Automatic;
				INFOPLIST_FILE = ViewBitCoinObjectiveC/Info.plist;
				LD_RUNPATH_SEARCH_PATHS = (
					"$(inherited)",
					"@executable_path/Frameworks",
				);
				PRODUCT_BUNDLE_IDENTIFIER = BitCoin.ViewBitCoinObjectiveC;
				PRODUCT_NAME = "$(TARGET_NAME)";
				TARGETED_DEVICE_FAMILY = "1,2";
			};
			name = Release;
		};
		2671E2EF212283E60064B26C /* Debug */ = {
			isa = XCBuildConfiguration;
			baseConfigurationReference = 03CD4CB828A5C67DA1FE111A /* Pods-ViewBitCoinObjectiveCTests.debug.xcconfig */;
			buildSettings = {
				BUNDLE_LOADER = "$(TEST_HOST)";
				CODE_SIGN_STYLE = Automatic;
				INFOPLIST_FILE = ViewBitCoinObjectiveCTests/Info.plist;
				LD_RUNPATH_SEARCH_PATHS = (
					"$(inherited)",
					"@executable_path/Frameworks",
					"@loader_path/Frameworks",
				);
				PRODUCT_BUNDLE_IDENTIFIER = BitCoin.ViewBitCoinObjectiveCTests;
				PRODUCT_NAME = "$(TARGET_NAME)";
				TARGETED_DEVICE_FAMILY = "1,2";
				TEST_HOST = "$(BUILT_PRODUCTS_DIR)/ViewBitCoinObjectiveC.app/ViewBitCoinObjectiveC";
			};
			name = Debug;
		};
		2671E2F0212283E60064B26C /* Release */ = {
			isa = XCBuildConfiguration;
			baseConfigurationReference = 202B834C5D8A0588EBA01A7D /* Pods-ViewBitCoinObjectiveCTests.release.xcconfig */;
			buildSettings = {
				BUNDLE_LOADER = "$(TEST_HOST)";
				CODE_SIGN_STYLE = Automatic;
				INFOPLIST_FILE = ViewBitCoinObjectiveCTests/Info.plist;
				LD_RUNPATH_SEARCH_PATHS = (
					"$(inherited)",
					"@executable_path/Frameworks",
					"@loader_path/Frameworks",
				);
				PRODUCT_BUNDLE_IDENTIFIER = BitCoin.ViewBitCoinObjectiveCTests;
				PRODUCT_NAME = "$(TARGET_NAME)";
				TARGETED_DEVICE_FAMILY = "1,2";
				TEST_HOST = "$(BUILT_PRODUCTS_DIR)/ViewBitCoinObjectiveC.app/ViewBitCoinObjectiveC";
			};
			name = Release;
		};
		2671E2F2212283E60064B26C /* Debug */ = {
			isa = XCBuildConfiguration;
			baseConfigurationReference = 7F8AC399326B5A1EDAFB48A3 /* Pods-ViewBitCoinObjectiveCUITests.debug.xcconfig */;
			buildSettings = {
				CODE_SIGN_STYLE = Automatic;
				INFOPLIST_FILE = ViewBitCoinObjectiveCUITests/Info.plist;
				LD_RUNPATH_SEARCH_PATHS = (
					"$(inherited)",
					"@executable_path/Frameworks",
					"@loader_path/Frameworks",
				);
				PRODUCT_BUNDLE_IDENTIFIER = BitCoin.ViewBitCoinObjectiveCUITests;
				PRODUCT_NAME = "$(TARGET_NAME)";
				TARGETED_DEVICE_FAMILY = "1,2";
				TEST_TARGET_NAME = ViewBitCoinObjectiveC;
			};
			name = Debug;
		};
		2671E2F3212283E60064B26C /* Release */ = {
			isa = XCBuildConfiguration;
			baseConfigurationReference = CF3B7E087F07B0377C086307 /* Pods-ViewBitCoinObjectiveCUITests.release.xcconfig */;
			buildSettings = {
				CODE_SIGN_STYLE = Automatic;
				INFOPLIST_FILE = ViewBitCoinObjectiveCUITests/Info.plist;
				LD_RUNPATH_SEARCH_PATHS = (
					"$(inherited)",
					"@executable_path/Frameworks",
					"@loader_path/Frameworks",
				);
				PRODUCT_BUNDLE_IDENTIFIER = BitCoin.ViewBitCoinObjectiveCUITests;
				PRODUCT_NAME = "$(TARGET_NAME)";
				TARGETED_DEVICE_FAMILY = "1,2";
				TEST_TARGET_NAME = ViewBitCoinObjectiveC;
			};
			name = Release;
		};
/* End XCBuildConfiguration section */

/* Begin XCConfigurationList section */
		2671E2BA212283E40064B26C /* Build configuration list for PBXProject "ViewBitCoinObjectiveC" */ = {
			isa = XCConfigurationList;
			buildConfigurations = (
				2671E2E9212283E60064B26C /* Debug */,
				2671E2EA212283E60064B26C /* Release */,
			);
			defaultConfigurationIsVisible = 0;
			defaultConfigurationName = Release;
		};
		2671E2EB212283E60064B26C /* Build configuration list for PBXNativeTarget "ViewBitCoinObjectiveC" */ = {
			isa = XCConfigurationList;
			buildConfigurations = (
				2671E2EC212283E60064B26C /* Debug */,
				2671E2ED212283E60064B26C /* Release */,
			);
			defaultConfigurationIsVisible = 0;
			defaultConfigurationName = Release;
		};
		2671E2EE212283E60064B26C /* Build configuration list for PBXNativeTarget "ViewBitCoinObjectiveCTests" */ = {
			isa = XCConfigurationList;
			buildConfigurations = (
				2671E2EF212283E60064B26C /* Debug */,
				2671E2F0212283E60064B26C /* Release */,
			);
			defaultConfigurationIsVisible = 0;
			defaultConfigurationName = Release;
		};
		2671E2F1212283E60064B26C /* Build configuration list for PBXNativeTarget "ViewBitCoinObjectiveCUITests" */ = {
			isa = XCConfigurationList;
			buildConfigurations = (
				2671E2F2212283E60064B26C /* Debug */,
				2671E2F3212283E60064B26C /* Release */,
			);
			defaultConfigurationIsVisible = 0;
			defaultConfigurationName = Release;
		};
/* End XCConfigurationList section */
	};
	rootObject = 2671E2B7212283E40064B26C /* Project object */;
}
